
Microsoft Visual Studio Solution File, Format Version 12.00
# Visual Studio 15
VisualStudioVersion = 15.0.26228.9
MinimumVisualStudioVersion = 10.0.40219.1
Project("{FAE04EC0-301F-11D3-BF4B-00C04F79EFBC}") = "Fantasy", "Fantasy\Fantasy.csproj", "{8577CFCB-A436-4625-968F-E6FBBDF1B9EF}"
EndProject
Project("{FAE04EC0-301F-11D3-BF4B-00C04F79EFBC}") = "FantasyLib", "FantasyLib\FantasyLib.csproj", "{F7696B9D-A717-4447-A75F-564A646EDCF4}"
EndProject
Global
	GlobalSection(SolutionConfigurationPlatforms) = preSolution
		Debug|Any CPU = Debug|Any CPU
		Release|Any CPU = Release|Any CPU
	EndGlobalSection
	GlobalSection(ProjectConfigurationPlatforms) = postSolution
		{8577CFCB-A436-4625-968F-E6FBBDF1B9EF}.Debug|Any CPU.ActiveCfg = Debug|Any CPU
		{8577CFCB-A436-4625-968F-E6FBBDF1B9EF}.Debug|Any CPU.Build.0 = Debug|Any CPU
		{8577CFCB-A436-4625-968F-E6FBBDF1B9EF}.Release|Any CPU.ActiveCfg = Release|Any CPU
		{8577CFCB-A436-4625-968F-E6FBBDF1B9EF}.Release|Any CPU.Build.0 = Release|Any CPU
		{F7696B9D-A717-4447-A75F-564A646EDCF4}.Debug|Any CPU.ActiveCfg = Debug|Any CPU
		{F7696B9D-A717-4447-A75F-564A646EDCF4}.Debug|Any CPU.Build.0 = Debug|Any CPU
		{F7696B9D-A717-4447-A75F-564A646EDCF4}.Release|Any CPU.ActiveCfg = Release|Any CPU
		{F7696B9D-A717-4447-A75F-564A646EDCF4}.Release|Any CPU.Build.0 = Release|Any CPU
	EndGlobalSection
	GlobalSection(SolutionProperties) = preSolution
		HideSolutionNode = FALSE
	EndGlobalSection
EndGlobal
